
Microsoft Visual Studio Solution File, Format Version 12.00
# Visual Studio Version 17
VisualStudioVersion = 17.11.34929.205
MinimumVisualStudioVersion = 10.0.40219.1
Project("{2150E333-8FDC-42A3-9474-1A3956D46DE8}") = "Solution Items", "Solution Items", "{B146EE58-D5DE-43A5-9512-ECC21F3A6645}"
EndProject
Project("{9A19103F-16F7-4668-BE54-9A1E7A4F7556}") = "jcBENCH.MVC", "jcBENCH.MVC\jcBENCH.MVC.csproj", "{9E0EBE1C-C3E0-493D-9CCC-F382B6DE34AA}"
EndProject
Project("{2150E333-8FDC-42A3-9474-1A3956D46DE8}") = "jcBENCH.App", "jcBENCH.App", "{DA3AAE30-9132-4E74-9561-90CC4258D86A}"
	ProjectSection(SolutionItems) = preProject
		jcbench.app\src\benchmark.rs = jcbench.app\src\benchmark.rs
		jcbench.app\src\benchmark_md5.rs = jcbench.app\src\benchmark_md5.rs
		jcbench.app\src\benchmark_sha1.rs = jcbench.app\src\benchmark_sha1.rs
		jcbench.app\Cargo.toml = jcbench.app\Cargo.toml
		jcbench.app\src\cpuinfo.rs = jcbench.app\src\cpuinfo.rs
		jcbench.app\crates\cli\src\lib.rs = jcbench.app\crates\cli\src\lib.rs
		jcbench.app\src\main.rs = jcbench.app\src\main.rs
	EndProjectSection
EndProject
Global
	GlobalSection(SolutionConfigurationPlatforms) = preSolution
		Debug|Any CPU = Debug|Any CPU
		Release|Any CPU = Release|Any CPU
	EndGlobalSection
	GlobalSection(ProjectConfigurationPlatforms) = postSolution
		{9E0EBE1C-C3E0-493D-9CCC-F382B6DE34AA}.Debug|Any CPU.ActiveCfg = Debug|Any CPU
		{9E0EBE1C-C3E0-493D-9CCC-F382B6DE34AA}.Debug|Any CPU.Build.0 = Debug|Any CPU
		{9E0EBE1C-C3E0-493D-9CCC-F382B6DE34AA}.Release|Any CPU.ActiveCfg = Release|Any CPU
		{9E0EBE1C-C3E0-493D-9CCC-F382B6DE34AA}.Release|Any CPU.Build.0 = Release|Any CPU
	EndGlobalSection
	GlobalSection(SolutionProperties) = preSolution
		HideSolutionNode = FALSE
	EndGlobalSection
	GlobalSection(ExtensibilityGlobals) = postSolution
		SolutionGuid = {DB9FE42C-BBEE-4632-8EE9-B3233C1D34FA}
	EndGlobalSection
EndGlobal
