
Microsoft Visual Studio Solution File, Format Version 12.00
# Visual Studio 15
VisualStudioVersion = 15.0.27413.0
MinimumVisualStudioVersion = 10.0.40219.1
Project("{9A19103F-16F7-4668-BE54-9A1E7A4F7556}") = "jcBENCH.console", "jcBENCH.console\jcBENCH.console.csproj", "{36F7CEFD-C5CC-4C6A-8110-566BE9668732}"
EndProject
Project("{9A19103F-16F7-4668-BE54-9A1E7A4F7556}") = "jcBENCH.lib", "jcBENCH.lib\jcBENCH.lib.csproj", "{928FF105-AAFF-4B91-94D4-CC0CC5418D3D}"
EndProject
Project("{9A19103F-16F7-4668-BE54-9A1E7A4F7556}") = "jcBENCH.web", "jcBENCH.web\jcBENCH.web.csproj", "{37F608AC-6A11-42C1-9D1A-801D29A0C339}"
EndProject
Project("{FAE04EC0-301F-11D3-BF4B-00C04F79EFBC}") = "jcBENCH.lib.windows", "jcBENCH.lib.windows\jcBENCH.lib.windows.csproj", "{AA1FDC72-2FD7-4C16-A32F-EC2A775E0463}"
EndProject
Project("{FAE04EC0-301F-11D3-BF4B-00C04F79EFBC}") = "jcBENCH.lib.osx", "jcBENCH.lib.osx\jcBENCH.lib.osx.csproj", "{29A51921-AD31-461A-803C-D8B90D3A129C}"
EndProject
Global
	GlobalSection(SolutionConfigurationPlatforms) = preSolution
		Debug|Any CPU = Debug|Any CPU
		Release|Any CPU = Release|Any CPU
	EndGlobalSection
	GlobalSection(ProjectConfigurationPlatforms) = postSolution
		{36F7CEFD-C5CC-4C6A-8110-566BE9668732}.Debug|Any CPU.ActiveCfg = Debug|Any CPU
		{36F7CEFD-C5CC-4C6A-8110-566BE9668732}.Debug|Any CPU.Build.0 = Debug|Any CPU
		{36F7CEFD-C5CC-4C6A-8110-566BE9668732}.Release|Any CPU.ActiveCfg = Release|Any CPU
		{36F7CEFD-C5CC-4C6A-8110-566BE9668732}.Release|Any CPU.Build.0 = Release|Any CPU
		{928FF105-AAFF-4B91-94D4-CC0CC5418D3D}.Debug|Any CPU.ActiveCfg = Debug|Any CPU
		{928FF105-AAFF-4B91-94D4-CC0CC5418D3D}.Debug|Any CPU.Build.0 = Debug|Any CPU
		{928FF105-AAFF-4B91-94D4-CC0CC5418D3D}.Release|Any CPU.ActiveCfg = Release|Any CPU
		{928FF105-AAFF-4B91-94D4-CC0CC5418D3D}.Release|Any CPU.Build.0 = Release|Any CPU
		{37F608AC-6A11-42C1-9D1A-801D29A0C339}.Debug|Any CPU.ActiveCfg = Debug|Any CPU
		{37F608AC-6A11-42C1-9D1A-801D29A0C339}.Debug|Any CPU.Build.0 = Debug|Any CPU
		{37F608AC-6A11-42C1-9D1A-801D29A0C339}.Release|Any CPU.ActiveCfg = Release|Any CPU
		{37F608AC-6A11-42C1-9D1A-801D29A0C339}.Release|Any CPU.Build.0 = Release|Any CPU
		{AA1FDC72-2FD7-4C16-A32F-EC2A775E0463}.Debug|Any CPU.ActiveCfg = Debug|Any CPU
		{AA1FDC72-2FD7-4C16-A32F-EC2A775E0463}.Debug|Any CPU.Build.0 = Debug|Any CPU
		{AA1FDC72-2FD7-4C16-A32F-EC2A775E0463}.Release|Any CPU.ActiveCfg = Release|Any CPU
		{AA1FDC72-2FD7-4C16-A32F-EC2A775E0463}.Release|Any CPU.Build.0 = Release|Any CPU
		{29A51921-AD31-461A-803C-D8B90D3A129C}.Debug|Any CPU.ActiveCfg = Debug|Any CPU
		{29A51921-AD31-461A-803C-D8B90D3A129C}.Debug|Any CPU.Build.0 = Debug|Any CPU
		{29A51921-AD31-461A-803C-D8B90D3A129C}.Release|Any CPU.ActiveCfg = Release|Any CPU
		{29A51921-AD31-461A-803C-D8B90D3A129C}.Release|Any CPU.Build.0 = Release|Any CPU
	EndGlobalSection
	GlobalSection(SolutionProperties) = preSolution
		HideSolutionNode = FALSE
	EndGlobalSection
	GlobalSection(ExtensibilityGlobals) = postSolution
		SolutionGuid = {DB9FE42C-BBEE-4632-8EE9-B3233C1D34FA}
	EndGlobalSection
EndGlobal
